<?xml version="1.0" encoding="utf-8"?>
<Project ToolsVersion="4.0" xmlns="http://schemas.microsoft.com/developer/msbuild/2003">
  <ItemGroup>
    <ClCompile Include="src\app.cpp" />
    <ClCompile Include="src\Object.cpp" />
    <ClCompile Include="src\Shader.cpp" />
    <ClCompile Include="src\ShapeGenerator.cpp" />
    <ClCompile Include="src\Vertex.cpp" />
    <ClCompile Include="src\Camera.cpp" />
  </ItemGroup>
  <ItemGroup>
    <ClInclude Include="src\Object.hpp" />
    <ClInclude Include="src\Shader.hpp" />
    <ClInclude Include="src\ShapeGenerator.hpp" />
    <ClInclude Include="src\Vertex.hpp" />
    <ClInclude Include="src\Camera.hpp" />
  </ItemGroup>
  <ItemGroup>
    <None Include=".gitattributes" />
    <None Include=".gitignore" />
    <None Include=".gitmodules" />
    <None Include="README.md" />
    <None Include="Resources\Shaders\Fragment.shader" />
    <None Include="Resources\Shaders\Vertex.shader" />
  </ItemGroup>
  <ItemGroup>
    <Text Include="LICENSE.txt" />
  </ItemGroup>
</Project>